
Microsoft Visual Studio Solution File, Format Version 12.00
# Visual Studio 14
VisualStudioVersion = 14.0.25123.0
MinimumVisualStudioVersion = 10.0.40219.1
Project("{2150E333-8FDC-42A3-9474-1A3956D46DE8}") = "Solution Items", "Solution Items", "{AEC8F121-94D3-4535-B4BC-3FEB2A598BB2}"
	ProjectSection(SolutionItems) = preProject
		nuget.config = nuget.config
		README.md = README.md
	EndProjectSection
EndProject
Project("{FAE04EC0-301F-11D3-BF4B-00C04F79EFBC}") = "Augustus.CRM", "Augustus.CRM\Augustus.CRM.csproj", "{4385A42C-2424-4C8D-9788-B8B22AE5FC2E}"
EndProject
Project("{FAE04EC0-301F-11D3-BF4B-00C04F79EFBC}") = "Augustus.GeneratedProxyCode", "Augustus.GeneratedProxyCode\Augustus.GeneratedProxyCode.csproj", "{02FC3DE1-2239-4B98-827A-CB5C1A51C488}"
EndProject
Project("{FAE04EC0-301F-11D3-BF4B-00C04F79EFBC}") = "Augustus.GeneratedProxyCode.Test", "Augustus.GeneratedProxyCode.Test\Augustus.GeneratedProxyCode.Test.csproj", "{BB7E68CE-9539-41B8-AF59-5CF6A82B8382}"
EndProject
Project("{FAE04EC0-301F-11D3-BF4B-00C04F79EFBC}") = "Augustus.CRM.Test", "Augustus.CRM.Test\Augustus.CRM.Test.csproj", "{E5C1690C-D262-4196-BC2E-4D471F343538}"
EndProject
Project("{FAE04EC0-301F-11D3-BF4B-00C04F79EFBC}") = "Augustus.App.ImportWorkDoneItems", "Augustus.App.ImportWorkDoneItems\Augustus.App.ImportWorkDoneItems.csproj", "{98FC2D9D-A3BA-40A3-AB08-A1EC59CD59D5}"
EndProject
Project("{FAE04EC0-301F-11D3-BF4B-00C04F79EFBC}") = "Augustus.Web.Portal", "Augustus.Web.Portal\Augustus.Web.Portal.csproj", "{9A77BFE5-C00D-4544-8EE4-783A58429C7F}"
EndProject
Project("{FAE04EC0-301F-11D3-BF4B-00C04F79EFBC}") = "Augustus.Web.Portal.Test", "Augustus.Web.Portal.Test\Augustus.Web.Portal.Test.csproj", "{56CCE622-D8EC-4CFB-B9F6-F820C0D31D09}"
EndProject
Project("{FAE04EC0-301F-11D3-BF4B-00C04F79EFBC}") = "Augustus.Domain", "Augustus.Domain\Augustus.Domain.csproj", "{08D81A8F-F287-4460-9B3D-11D54CC1E7AD}"
EndProject
Project("{FAE04EC0-301F-11D3-BF4B-00C04F79EFBC}") = "Augustus.Domain.Test", "Augustus.Domain.Test\Augustus.Domain.Test.csproj", "{79B67937-E758-441C-BEBC-D0C304D0CE3E}"
EndProject
Project("{FAE04EC0-301F-11D3-BF4B-00C04F79EFBC}") = "Augustus.CRM.Authentication", "Augustus.CRM.Authentication\Augustus.CRM.Authentication.csproj", "{A95D5F1F-4BD6-4621-BDEC-374EEC4425AA}"
EndProject
Project("{FAE04EC0-301F-11D3-BF4B-00C04F79EFBC}") = "Augustus.Web.Framework", "Augustus.Web.Framework\Augustus.Web.Framework.csproj", "{0076647A-8D03-4A58-B45B-603881FE8581}"
EndProject
Project("{FAE04EC0-301F-11D3-BF4B-00C04F79EFBC}") = "Augustus.Web.Config", "Augustus.Web.Config\Augustus.Web.Config.csproj", "{0249BCDF-3BC7-4F84-AE33-08CEA255F912}"
EndProject
Project("{FAE04EC0-301F-11D3-BF4B-00C04F79EFBC}") = "Augustus.Console.Export", "Augustus.Console.Export\Augustus.Console.Export.csproj", "{0439810D-146E-4631-B3D9-FCDA82AEC912}"
EndProject
Global
	GlobalSection(SolutionConfigurationPlatforms) = preSolution
		Debug|Any CPU = Debug|Any CPU
		Release|Any CPU = Release|Any CPU
	EndGlobalSection
	GlobalSection(ProjectConfigurationPlatforms) = postSolution
		{4385A42C-2424-4C8D-9788-B8B22AE5FC2E}.Debug|Any CPU.ActiveCfg = Debug|Any CPU
		{4385A42C-2424-4C8D-9788-B8B22AE5FC2E}.Debug|Any CPU.Build.0 = Debug|Any CPU
		{4385A42C-2424-4C8D-9788-B8B22AE5FC2E}.Release|Any CPU.ActiveCfg = Release|Any CPU
		{4385A42C-2424-4C8D-9788-B8B22AE5FC2E}.Release|Any CPU.Build.0 = Release|Any CPU
		{02FC3DE1-2239-4B98-827A-CB5C1A51C488}.Debug|Any CPU.ActiveCfg = Debug|Any CPU
		{02FC3DE1-2239-4B98-827A-CB5C1A51C488}.Debug|Any CPU.Build.0 = Debug|Any CPU
		{02FC3DE1-2239-4B98-827A-CB5C1A51C488}.Release|Any CPU.ActiveCfg = Release|Any CPU
		{02FC3DE1-2239-4B98-827A-CB5C1A51C488}.Release|Any CPU.Build.0 = Release|Any CPU
		{BB7E68CE-9539-41B8-AF59-5CF6A82B8382}.Debug|Any CPU.ActiveCfg = Debug|Any CPU
		{BB7E68CE-9539-41B8-AF59-5CF6A82B8382}.Debug|Any CPU.Build.0 = Debug|Any CPU
		{BB7E68CE-9539-41B8-AF59-5CF6A82B8382}.Release|Any CPU.ActiveCfg = Release|Any CPU
		{BB7E68CE-9539-41B8-AF59-5CF6A82B8382}.Release|Any CPU.Build.0 = Release|Any CPU
		{E5C1690C-D262-4196-BC2E-4D471F343538}.Debug|Any CPU.ActiveCfg = Debug|Any CPU
		{E5C1690C-D262-4196-BC2E-4D471F343538}.Debug|Any CPU.Build.0 = Debug|Any CPU
		{E5C1690C-D262-4196-BC2E-4D471F343538}.Release|Any CPU.ActiveCfg = Release|Any CPU
		{E5C1690C-D262-4196-BC2E-4D471F343538}.Release|Any CPU.Build.0 = Release|Any CPU
		{98FC2D9D-A3BA-40A3-AB08-A1EC59CD59D5}.Debug|Any CPU.ActiveCfg = Debug|Any CPU
		{98FC2D9D-A3BA-40A3-AB08-A1EC59CD59D5}.Debug|Any CPU.Build.0 = Debug|Any CPU
		{98FC2D9D-A3BA-40A3-AB08-A1EC59CD59D5}.Release|Any CPU.ActiveCfg = Release|Any CPU
		{98FC2D9D-A3BA-40A3-AB08-A1EC59CD59D5}.Release|Any CPU.Build.0 = Release|Any CPU
		{9A77BFE5-C00D-4544-8EE4-783A58429C7F}.Debug|Any CPU.ActiveCfg = Debug|Any CPU
		{9A77BFE5-C00D-4544-8EE4-783A58429C7F}.Debug|Any CPU.Build.0 = Debug|Any CPU
		{9A77BFE5-C00D-4544-8EE4-783A58429C7F}.Release|Any CPU.ActiveCfg = Release|Any CPU
		{9A77BFE5-C00D-4544-8EE4-783A58429C7F}.Release|Any CPU.Build.0 = Release|Any CPU
		{56CCE622-D8EC-4CFB-B9F6-F820C0D31D09}.Debug|Any CPU.ActiveCfg = Debug|Any CPU
		{56CCE622-D8EC-4CFB-B9F6-F820C0D31D09}.Debug|Any CPU.Build.0 = Debug|Any CPU
		{56CCE622-D8EC-4CFB-B9F6-F820C0D31D09}.Release|Any CPU.ActiveCfg = Release|Any CPU
		{56CCE622-D8EC-4CFB-B9F6-F820C0D31D09}.Release|Any CPU.Build.0 = Release|Any CPU
		{08D81A8F-F287-4460-9B3D-11D54CC1E7AD}.Debug|Any CPU.ActiveCfg = Debug|Any CPU
		{08D81A8F-F287-4460-9B3D-11D54CC1E7AD}.Debug|Any CPU.Build.0 = Debug|Any CPU
		{08D81A8F-F287-4460-9B3D-11D54CC1E7AD}.Release|Any CPU.ActiveCfg = Release|Any CPU
		{08D81A8F-F287-4460-9B3D-11D54CC1E7AD}.Release|Any CPU.Build.0 = Release|Any CPU
		{79B67937-E758-441C-BEBC-D0C304D0CE3E}.Debug|Any CPU.ActiveCfg = Debug|Any CPU
		{79B67937-E758-441C-BEBC-D0C304D0CE3E}.Debug|Any CPU.Build.0 = Debug|Any CPU
		{79B67937-E758-441C-BEBC-D0C304D0CE3E}.Release|Any CPU.ActiveCfg = Release|Any CPU
		{79B67937-E758-441C-BEBC-D0C304D0CE3E}.Release|Any CPU.Build.0 = Release|Any CPU
		{A95D5F1F-4BD6-4621-BDEC-374EEC4425AA}.Debug|Any CPU.ActiveCfg = Debug|Any CPU
		{A95D5F1F-4BD6-4621-BDEC-374EEC4425AA}.Debug|Any CPU.Build.0 = Debug|Any CPU
		{A95D5F1F-4BD6-4621-BDEC-374EEC4425AA}.Release|Any CPU.ActiveCfg = Release|Any CPU
		{A95D5F1F-4BD6-4621-BDEC-374EEC4425AA}.Release|Any CPU.Build.0 = Release|Any CPU
		{0076647A-8D03-4A58-B45B-603881FE8581}.Debug|Any CPU.ActiveCfg = Debug|Any CPU
		{0076647A-8D03-4A58-B45B-603881FE8581}.Debug|Any CPU.Build.0 = Debug|Any CPU
		{0076647A-8D03-4A58-B45B-603881FE8581}.Release|Any CPU.ActiveCfg = Release|Any CPU
		{0076647A-8D03-4A58-B45B-603881FE8581}.Release|Any CPU.Build.0 = Release|Any CPU
		{0249BCDF-3BC7-4F84-AE33-08CEA255F912}.Debug|Any CPU.ActiveCfg = Debug|Any CPU
		{0249BCDF-3BC7-4F84-AE33-08CEA255F912}.Debug|Any CPU.Build.0 = Debug|Any CPU
		{0249BCDF-3BC7-4F84-AE33-08CEA255F912}.Release|Any CPU.ActiveCfg = Release|Any CPU
		{0249BCDF-3BC7-4F84-AE33-08CEA255F912}.Release|Any CPU.Build.0 = Release|Any CPU
		{0439810D-146E-4631-B3D9-FCDA82AEC912}.Debug|Any CPU.ActiveCfg = Debug|Any CPU
		{0439810D-146E-4631-B3D9-FCDA82AEC912}.Debug|Any CPU.Build.0 = Debug|Any CPU
		{0439810D-146E-4631-B3D9-FCDA82AEC912}.Release|Any CPU.ActiveCfg = Release|Any CPU
		{0439810D-146E-4631-B3D9-FCDA82AEC912}.Release|Any CPU.Build.0 = Release|Any CPU
	EndGlobalSection
	GlobalSection(SolutionProperties) = preSolution
		HideSolutionNode = FALSE
	EndGlobalSection
EndGlobal
